
Microsoft Visual Studio Solution File, Format Version 12.00
# Visual Studio Version 17
VisualStudioVersion = 17.14.36301.6 d17.14
MinimumVisualStudioVersion = 10.0.40219.1
Project("{FAE04EC0-301F-11D3-BF4B-00C04F79EFBC}") = "CollabIn", "CollabIn\CollabIn.csproj", "{48399985-4843-4E3B-AFD9-B245766A9235}"
EndProject
Global
	GlobalSection(SolutionConfigurationPlatforms) = preSolution
		Debug|Any CPU = Debug|Any CPU
		Release|Any CPU = Release|Any CPU
	EndGlobalSection
	GlobalSection(ProjectConfigurationPlatforms) = postSolution
		{48399985-4843-4E3B-AFD9-B245766A9235}.Debug|Any CPU.ActiveCfg = Debug|Any CPU
		{48399985-4843-4E3B-AFD9-B245766A9235}.Debug|Any CPU.Build.0 = Debug|Any CPU
		{48399985-4843-4E3B-AFD9-B245766A9235}.Release|Any CPU.ActiveCfg = Release|Any CPU
		{48399985-4843-4E3B-AFD9-B245766A9235}.Release|Any CPU.Build.0 = Release|Any CPU
	EndGlobalSection
	GlobalSection(SolutionProperties) = preSolution
		HideSolutionNode = FALSE
	EndGlobalSection
	GlobalSection(ExtensibilityGlobals) = postSolution
		SolutionGuid = {7293B928-3551-4BA7-9F91-4C2B9226B1E6}
	EndGlobalSection
EndGlobal
